<?xml version="1.0" encoding="utf-8"?>
<Project ToolsVersion="4.0" xmlns="http://schemas.microsoft.com/developer/msbuild/2003">
  <ItemGroup>
    <ClCompile Include="src\main.cpp" />
    <ClCompile Include="src\application.cpp" />
    <ClCompile Include="src\vulkan\instance.cpp" />
    <ClCompile Include="src\vulkan\extensions.cpp" />
    <ClCompile Include="src\vulkan\device.cpp" />
    <ClCompile Include="src\vulkan\swap_chain.cpp" />
    <ClCompile Include="src\vulkan\shader.cpp" />
    <ClCompile Include="src\vulkan\pipeline.cpp" />
    <ClCompile Include="src\vulkan\buffer.cpp" />
    <ClCompile Include="src\vulkan\rt\acceleration_structure.cpp" />
    <ClCompile Include="src\vulkan\rt\raytracing_pipeline.cpp" />
    <ClCompile Include="src\vulkan\rt\shader_binding_table.cpp" />
  </ItemGroup>
  <ItemGroup>
    <ClInclude Include="src\application.h" />
    <ClInclude Include="src\vulkan\instance.h" />
    <ClInclude Include="src\vulkan\extensions.h" />
    <ClInclude Include="src\vulkan\device.h" />
    <ClInclude Include="src\vulkan\swap_chain.h" />
    <ClInclude Include="src\vulkan\pipeline.h" />
    <ClInclude Include="src\vulkan\shader.h" />
    <ClInclude Include="src\vulkan\vertex.h" />
    <ClInclude Include="src\vulkan\buffer.h" />
    <ClInclude Include="src\vulkan\rt\acceleration_structure.h" />
    <ClInclude Include="src\vulkan\rt\raytracing_pipeline.h" />
    <ClInclude Include="src\vulkan\rt\shader_binding_table.h" />
  </ItemGroup>
  <ItemGroup>
    <None Include="shaders\triangle.vert" />
    <None Include="shaders\triangle.frag" />
  </ItemGroup>
</Project>